Microsoft Visual Studio Solution File, Format Version 12.00
# Visual Studio Version 17
VisualStudioVersion = 17.5.2.0
MinimumVisualStudioVersion = 10.0.40219.1
Project("{FAE04EC0-301F-11D3-BF4B-00C04F79EFBC}") = "HTTP Demo", "HTTP Demo.csproj", "{FBB43106-772D-0DC8-CD17-ECD1F048ACD1}"
EndProject
Project("{FAE04EC0-301F-11D3-BF4B-00C04F79EFBC}") = "Port Scanner", "..\Port Scanner\Port Scanner.csproj", "{B1058BFF-90A0-4269-B21F-156ED08F18A3}"
EndProject
Global
	GlobalSection(SolutionConfigurationPlatforms) = preSolution
		Debug|Any CPU = Debug|Any CPU
		Release|Any CPU = Release|Any CPU
	EndGlobalSection
	GlobalSection(ProjectConfigurationPlatforms) = postSolution
		{FBB43106-772D-0DC8-CD17-ECD1F048ACD1}.Debug|Any CPU.ActiveCfg = Debug|Any CPU
		{FBB43106-772D-0DC8-CD17-ECD1F048ACD1}.Debug|Any CPU.Build.0 = Debug|Any CPU
		{FBB43106-772D-0DC8-CD17-ECD1F048ACD1}.Release|Any CPU.ActiveCfg = Release|Any CPU
		{FBB43106-772D-0DC8-CD17-ECD1F048ACD1}.Release|Any CPU.Build.0 = Release|Any CPU
		{B1058BFF-90A0-4269-B21F-156ED08F18A3}.Debug|Any CPU.ActiveCfg = Debug|Any CPU
		{B1058BFF-90A0-4269-B21F-156ED08F18A3}.Debug|Any CPU.Build.0 = Debug|Any CPU
		{B1058BFF-90A0-4269-B21F-156ED08F18A3}.Release|Any CPU.ActiveCfg = Release|Any CPU
		{B1058BFF-90A0-4269-B21F-156ED08F18A3}.Release|Any CPU.Build.0 = Release|Any CPU
	EndGlobalSection
	GlobalSection(SolutionProperties) = preSolution
		HideSolutionNode = FALSE
	EndGlobalSection
	GlobalSection(ExtensibilityGlobals) = postSolution
		SolutionGuid = {D7AB32C6-EDD1-4C66-A545-5AF75D860EFE}
	EndGlobalSection
EndGlobal
